
Microsoft Visual Studio Solution File, Format Version 12.00
# Visual Studio Version 17
VisualStudioVersion = 17.10.35013.160
MinimumVisualStudioVersion = 10.0.40219.1
Project("{FAE04EC0-301F-11D3-BF4B-00C04F79EFBC}") = "client", "client\client.csproj", "{504DCFB4-E519-4AFB-936E-CD8E5BCCF066}"
EndProject
Project("{FAE04EC0-301F-11D3-BF4B-00C04F79EFBC}") = "server", "server\server.csproj", "{9DC1E585-3F3D-4602-8A59-F988F0F5A93F}"
	ProjectSection(ProjectDependencies) = postProject
		{504DCFB4-E519-4AFB-936E-CD8E5BCCF066} = {504DCFB4-E519-4AFB-936E-CD8E5BCCF066}
	EndProjectSection
EndProject
Global
	GlobalSection(SolutionConfigurationPlatforms) = preSolution
		Debug|Any CPU = Debug|Any CPU
		Release|Any CPU = Release|Any CPU
	EndGlobalSection
	GlobalSection(ProjectConfigurationPlatforms) = postSolution
		{504DCFB4-E519-4AFB-936E-CD8E5BCCF066}.Debug|Any CPU.ActiveCfg = Debug|Any CPU
		{504DCFB4-E519-4AFB-936E-CD8E5BCCF066}.Debug|Any CPU.Build.0 = Debug|Any CPU
		{504DCFB4-E519-4AFB-936E-CD8E5BCCF066}.Release|Any CPU.ActiveCfg = Release|Any CPU
		{504DCFB4-E519-4AFB-936E-CD8E5BCCF066}.Release|Any CPU.Build.0 = Release|Any CPU
		{9DC1E585-3F3D-4602-8A59-F988F0F5A93F}.Debug|Any CPU.ActiveCfg = Debug|Any CPU
		{9DC1E585-3F3D-4602-8A59-F988F0F5A93F}.Debug|Any CPU.Build.0 = Debug|Any CPU
		{9DC1E585-3F3D-4602-8A59-F988F0F5A93F}.Release|Any CPU.ActiveCfg = Release|Any CPU
		{9DC1E585-3F3D-4602-8A59-F988F0F5A93F}.Release|Any CPU.Build.0 = Release|Any CPU
	EndGlobalSection
	GlobalSection(SolutionProperties) = preSolution
		HideSolutionNode = FALSE
	EndGlobalSection
	GlobalSection(ExtensibilityGlobals) = postSolution
		SolutionGuid = {6CDEE2B1-12C4-4E26-88A7-F3263DF79C19}
	EndGlobalSection
EndGlobal
